// !$*UTF8*$!
{
	archiveVersion = 1;
	classes = {
	};
	objectVersion = 56;
	objects = {

/* Begin PBXBuildFile section */
		F48F64BE2CC816BD0019AE65 /* AppDelegate.swift in Sources */ = {isa = PBXBuildFile; fileRef = F48F64BD2CC816BD0019AE65 /* AppDelegate.swift */; };
		F48F64C02CC816BD0019AE65 /* SceneDelegate.swift in Sources */ = {isa = PBXBuildFile; fileRef = F48F64BF2CC816BD0019AE65 /* SceneDelegate.swift */; };
		F48F64C22CC816BD0019AE65 /* RMTabBarVC.swift in Sources */ = {isa = PBXBuildFile; fileRef = F48F64C12CC816BD0019AE65 /* RMTabBarVC.swift */; };
		F48F64C72CC816C00019AE65 /* Assets.xcassets in Resources */ = {isa = PBXBuildFile; fileRef = F48F64C62CC816C00019AE65 /* Assets.xcassets */; };
		F48F64CA2CC816C00019AE65 /* Base in Resources */ = {isa = PBXBuildFile; fileRef = F48F64C92CC816C00019AE65 /* Base */; };
		F48F64D52CC816C10019AE65 /* RickAndMortyTests.swift in Sources */ = {isa = PBXBuildFile; fileRef = F48F64D42CC816C10019AE65 /* RickAndMortyTests.swift */; };
		F48F64DF2CC816C10019AE65 /* RickAndMortyUITests.swift in Sources */ = {isa = PBXBuildFile; fileRef = F48F64DE2CC816C10019AE65 /* RickAndMortyUITests.swift */; };
		F48F64E12CC816C10019AE65 /* RickAndMortyUITestsLaunchTests.swift in Sources */ = {isa = PBXBuildFile; fileRef = F48F64E02CC816C10019AE65 /* RickAndMortyUITestsLaunchTests.swift */; };
		F48F65032CC9114F0019AE65 /* RMSettingsVC.swift in Sources */ = {isa = PBXBuildFile; fileRef = F48F65022CC9114F0019AE65 /* RMSettingsVC.swift */; };
		F48F65052CC911690019AE65 /* RMEpisodesVC.swift in Sources */ = {isa = PBXBuildFile; fileRef = F48F65042CC911690019AE65 /* RMEpisodesVC.swift */; };
		F48F65072CC911750019AE65 /* RMLocationsVC.swift in Sources */ = {isa = PBXBuildFile; fileRef = F48F65062CC911750019AE65 /* RMLocationsVC.swift */; };
		F48F65092CC911810019AE65 /* RMCharacterVC.swift in Sources */ = {isa = PBXBuildFile; fileRef = F48F65082CC911810019AE65 /* RMCharacterVC.swift */; };
		F48F650B2CC918DF0019AE65 /* RMService.swift in Sources */ = {isa = PBXBuildFile; fileRef = F48F650A2CC918DF0019AE65 /* RMService.swift */; };
		F48F650D2CC955350019AE65 /* RMRequest.swift in Sources */ = {isa = PBXBuildFile; fileRef = F48F650C2CC955350019AE65 /* RMRequest.swift */; };
		F48F650F2CC956BF0019AE65 /* RMEndpoint.swift in Sources */ = {isa = PBXBuildFile; fileRef = F48F650E2CC956BF0019AE65 /* RMEndpoint.swift */; };
/* End PBXBuildFile section */

/* Begin PBXContainerItemProxy section */
		F48F64D12CC816C10019AE65 /* PBXContainerItemProxy */ = {
			isa = PBXContainerItemProxy;
			containerPortal = F48F64B22CC816BD0019AE65 /* Project object */;
			proxyType = 1;
			remoteGlobalIDString = F48F64B92CC816BD0019AE65;
			remoteInfo = RickAndMorty;
		};
		F48F64DB2CC816C10019AE65 /* PBXContainerItemProxy */ = {
			isa = PBXContainerItemProxy;
			containerPortal = F48F64B22CC816BD0019AE65 /* Project object */;
			proxyType = 1;
			remoteGlobalIDString = F48F64B92CC816BD0019AE65;
			remoteInfo = RickAndMorty;
		};
/* End PBXContainerItemProxy section */

/* Begin PBXFileReference section */
		F48F64BA2CC816BD0019AE65 /* RickAndMorty.app */ = {isa = PBXFileReference; explicitFileType = wrapper.application; includeInIndex = 0; path = RickAndMorty.app; sourceTree = BUILT_PRODUCTS_DIR; };
		F48F64BD2CC816BD0019AE65 /* AppDelegate.swift */ = {isa = PBXFileReference; lastKnownFileType = sourcecode.swift; path = AppDelegate.swift; sourceTree = "<group>"; };
		F48F64BF2CC816BD0019AE65 /* SceneDelegate.swift */ = {isa = PBXFileReference; lastKnownFileType = sourcecode.swift; path = SceneDelegate.swift; sourceTree = "<group>"; };
		F48F64C12CC816BD0019AE65 /* RMTabBarVC.swift */ = {isa = PBXFileReference; lastKnownFileType = sourcecode.swift; path = RMTabBarVC.swift; sourceTree = "<group>"; };
		F48F64C62CC816C00019AE65 /* Assets.xcassets */ = {isa = PBXFileReference; lastKnownFileType = folder.assetcatalog; path = Assets.xcassets; sourceTree = "<group>"; };
		F48F64C92CC816C00019AE65 /* Base */ = {isa = PBXFileReference; lastKnownFileType = file.storyboard; name = Base; path = Base.lproj/LaunchScreen.storyboard; sourceTree = "<group>"; };
		F48F64CB2CC816C00019AE65 /* Info.plist */ = {isa = PBXFileReference; lastKnownFileType = text.plist.xml; path = Info.plist; sourceTree = "<group>"; };
		F48F64D02CC816C10019AE65 /* RickAndMortyTests.xctest */ = {isa = PBXFileReference; explicitFileType = wrapper.cfbundle; includeInIndex = 0; path = RickAndMortyTests.xctest; sourceTree = BUILT_PRODUCTS_DIR; };
		F48F64D42CC816C10019AE65 /* RickAndMortyTests.swift */ = {isa = PBXFileReference; lastKnownFileType = sourcecode.swift; path = RickAndMortyTests.swift; sourceTree = "<group>"; };
		F48F64DA2CC816C10019AE65 /* RickAndMortyUITests.xctest */ = {isa = PBXFileReference; explicitFileType = wrapper.cfbundle; includeInIndex = 0; path = RickAndMortyUITests.xctest; sourceTree = BUILT_PRODUCTS_DIR; };
		F48F64DE2CC816C10019AE65 /* RickAndMortyUITests.swift */ = {isa = PBXFileReference; lastKnownFileType = sourcecode.swift; path = RickAndMortyUITests.swift; sourceTree = "<group>"; };
		F48F64E02CC816C10019AE65 /* RickAndMortyUITestsLaunchTests.swift */ = {isa = PBXFileReference; lastKnownFileType = sourcecode.swift; path = RickAndMortyUITestsLaunchTests.swift; sourceTree = "<group>"; };
		F48F65022CC9114F0019AE65 /* RMSettingsVC.swift */ = {isa = PBXFileReference; lastKnownFileType = sourcecode.swift; path = RMSettingsVC.swift; sourceTree = "<group>"; };
		F48F65042CC911690019AE65 /* RMEpisodesVC.swift */ = {isa = PBXFileReference; lastKnownFileType = sourcecode.swift; path = RMEpisodesVC.swift; sourceTree = "<group>"; };
		F48F65062CC911750019AE65 /* RMLocationsVC.swift */ = {isa = PBXFileReference; lastKnownFileType = sourcecode.swift; path = RMLocationsVC.swift; sourceTree = "<group>"; };
		F48F65082CC911810019AE65 /* RMCharacterVC.swift */ = {isa = PBXFileReference; lastKnownFileType = sourcecode.swift; path = RMCharacterVC.swift; sourceTree = "<group>"; };
		F48F650A2CC918DF0019AE65 /* RMService.swift */ = {isa = PBXFileReference; lastKnownFileType = sourcecode.swift; path = RMService.swift; sourceTree = "<group>"; };
		F48F650C2CC955350019AE65 /* RMRequest.swift */ = {isa = PBXFileReference; lastKnownFileType = sourcecode.swift; path = RMRequest.swift; sourceTree = "<group>"; };
		F48F650E2CC956BF0019AE65 /* RMEndpoint.swift */ = {isa = PBXFileReference; lastKnownFileType = sourcecode.swift; path = RMEndpoint.swift; sourceTree = "<group>"; };
/* End PBXFileReference section */

/* Begin PBXFrameworksBuildPhase section */
		F48F64B72CC816BD0019AE65 /* Frameworks */ = {
			isa = PBXFrameworksBuildPhase;
			buildActionMask = 2147483647;
			files = (
			);
			runOnlyForDeploymentPostprocessing = 0;
		};
		F48F64CD2CC816C10019AE65 /* Frameworks */ = {
			isa = PBXFrameworksBuildPhase;
			buildActionMask = 2147483647;
			files = (
			);
			runOnlyForDeploymentPostprocessing = 0;
		};
		F48F64D72CC816C10019AE65 /* Frameworks */ = {
			isa = PBXFrameworksBuildPhase;
			buildActionMask = 2147483647;
			files = (
			);
			runOnlyForDeploymentPostprocessing = 0;
		};
/* End PBXFrameworksBuildPhase section */

/* Begin PBXGroup section */
		F48F64B12CC816BD0019AE65 = {
			isa = PBXGroup;
			children = (
				F48F64BC2CC816BD0019AE65 /* RickAndMorty */,
				F48F64D32CC816C10019AE65 /* RickAndMortyTests */,
				F48F64DD2CC816C10019AE65 /* RickAndMortyUITests */,
				F48F64BB2CC816BD0019AE65 /* Products */,
			);
			sourceTree = "<group>";
		};
		F48F64BB2CC816BD0019AE65 /* Products */ = {
			isa = PBXGroup;
			children = (
				F48F64BA2CC816BD0019AE65 /* RickAndMorty.app */,
				F48F64D02CC816C10019AE65 /* RickAndMortyTests.xctest */,
				F48F64DA2CC816C10019AE65 /* RickAndMortyUITests.xctest */,
			);
			name = Products;
			sourceTree = "<group>";
		};
		F48F64BC2CC816BD0019AE65 /* RickAndMorty */ = {
			isa = PBXGroup;
			children = (
				F48F64ED2CC818990019AE65 /* Main */,
				F48F65012CC828140019AE65 /* Resources */,
				F48F64F22CC8215E0019AE65 /* Screens */,
				F48F64F12CC81F9C0019AE65 /* Networking */,
				F48F64F02CC819370019AE65 /* Models */,
				F48F64EF2CC8192B0019AE65 /* Views */,
				F48F64EE2CC819160019AE65 /* ViewModels */,
				F48F65022CC9114F0019AE65 /* RMSettingsVC.swift */,
				F48F65042CC911690019AE65 /* RMEpisodesVC.swift */,
				F48F65062CC911750019AE65 /* RMLocationsVC.swift */,
				F48F65082CC911810019AE65 /* RMCharacterVC.swift */,
			);
			path = RickAndMorty;
			sourceTree = "<group>";
		};
		F48F64D32CC816C10019AE65 /* RickAndMortyTests */ = {
			isa = PBXGroup;
			children = (
				F48F64D42CC816C10019AE65 /* RickAndMortyTests.swift */,
			);
			path = RickAndMortyTests;
			sourceTree = "<group>";
		};
		F48F64DD2CC816C10019AE65 /* RickAndMortyUITests */ = {
			isa = PBXGroup;
			children = (
				F48F64DE2CC816C10019AE65 /* RickAndMortyUITests.swift */,
				F48F64E02CC816C10019AE65 /* RickAndMortyUITestsLaunchTests.swift */,
			);
			path = RickAndMortyUITests;
			sourceTree = "<group>";
		};
		F48F64ED2CC818990019AE65 /* Main */ = {
			isa = PBXGroup;
			children = (
				F48F64BD2CC816BD0019AE65 /* AppDelegate.swift */,
				F48F64BF2CC816BD0019AE65 /* SceneDelegate.swift */,
				F48F64C12CC816BD0019AE65 /* RMTabBarVC.swift */,
			);
			path = Main;
			sourceTree = "<group>";
		};
		F48F64EE2CC819160019AE65 /* ViewModels */ = {
			isa = PBXGroup;
			children = (
			);
			path = ViewModels;
			sourceTree = "<group>";
		};
		F48F64EF2CC8192B0019AE65 /* Views */ = {
			isa = PBXGroup;
			children = (
			);
			path = Views;
			sourceTree = "<group>";
		};
		F48F64F02CC819370019AE65 /* Models */ = {
			isa = PBXGroup;
			children = (
			);
			path = Models;
			sourceTree = "<group>";
		};
		F48F64F12CC81F9C0019AE65 /* Networking */ = {
			isa = PBXGroup;
			children = (
				F48F650A2CC918DF0019AE65 /* RMService.swift */,
				F48F650C2CC955350019AE65 /* RMRequest.swift */,
				F48F650E2CC956BF0019AE65 /* RMEndpoint.swift */,
			);
			path = Networking;
			sourceTree = "<group>";
		};
		F48F64F22CC8215E0019AE65 /* Screens */ = {
			isa = PBXGroup;
			children = (
			);
			path = Screens;
			sourceTree = "<group>";
		};
		F48F65012CC828140019AE65 /* Resources */ = {
			isa = PBXGroup;
			children = (
				F48F64CB2CC816C00019AE65 /* Info.plist */,
				F48F64C62CC816C00019AE65 /* Assets.xcassets */,
				F48F64C82CC816C00019AE65 /* LaunchScreen.storyboard */,
			);
			path = Resources;
			sourceTree = "<group>";
		};
/* End PBXGroup section */

/* Begin PBXNativeTarget section */
		F48F64B92CC816BD0019AE65 /* RickAndMorty */ = {
			isa = PBXNativeTarget;
			buildConfigurationList = F48F64E42CC816C10019AE65 /* Build configuration list for PBXNativeTarget "RickAndMorty" */;
			buildPhases = (
				F48F64B62CC816BD0019AE65 /* Sources */,
				F48F64B72CC816BD0019AE65 /* Frameworks */,
				F48F64B82CC816BD0019AE65 /* Resources */,
			);
			buildRules = (
			);
			dependencies = (
			);
			name = RickAndMorty;
			productName = RickAndMorty;
			productReference = F48F64BA2CC816BD0019AE65 /* RickAndMorty.app */;
			productType = "com.apple.product-type.application";
		};
		F48F64CF2CC816C10019AE65 /* RickAndMortyTests */ = {
			isa = PBXNativeTarget;
			buildConfigurationList = F48F64E72CC816C10019AE65 /* Build configuration list for PBXNativeTarget "RickAndMortyTests" */;
			buildPhases = (
				F48F64CC2CC816C10019AE65 /* Sources */,
				F48F64CD2CC816C10019AE65 /* Frameworks */,
				F48F64CE2CC816C10019AE65 /* Resources */,
			);
			buildRules = (
			);
			dependencies = (
				F48F64D22CC816C10019AE65 /* PBXTargetDependency */,
			);
			name = RickAndMortyTests;
			productName = RickAndMortyTests;
			productReference = F48F64D02CC816C10019AE65 /* RickAndMortyTests.xctest */;
			productType = "com.apple.product-type.bundle.unit-test";
		};
		F48F64D92CC816C10019AE65 /* RickAndMortyUITests */ = {
			isa = PBXNativeTarget;
			buildConfigurationList = F48F64EA2CC816C10019AE65 /* Build configuration list for PBXNativeTarget "RickAndMortyUITests" */;
			buildPhases = (
				F48F64D62CC816C10019AE65 /* Sources */,
				F48F64D72CC816C10019AE65 /* Frameworks */,
				F48F64D82CC816C10019AE65 /* Resources */,
			);
			buildRules = (
			);
			dependencies = (
				F48F64DC2CC816C10019AE65 /* PBXTargetDependency */,
			);
			name = RickAndMortyUITests;
			productName = RickAndMortyUITests;
			productReference = F48F64DA2CC816C10019AE65 /* RickAndMortyUITests.xctest */;
			productType = "com.apple.product-type.bundle.ui-testing";
		};
/* End PBXNativeTarget section */

/* Begin PBXProject section */
		F48F64B22CC816BD0019AE65 /* Project object */ = {
			isa = PBXProject;
			attributes = {
				BuildIndependentTargetsInParallel = 1;
				LastSwiftUpdateCheck = 1540;
				LastUpgradeCheck = 1540;
				TargetAttributes = {
					F48F64B92CC816BD0019AE65 = {
						CreatedOnToolsVersion = 15.4;
					};
					F48F64CF2CC816C10019AE65 = {
						CreatedOnToolsVersion = 15.4;
						TestTargetID = F48F64B92CC816BD0019AE65;
					};
					F48F64D92CC816C10019AE65 = {
						CreatedOnToolsVersion = 15.4;
						TestTargetID = F48F64B92CC816BD0019AE65;
					};
				};
			};
			buildConfigurationList = F48F64B52CC816BD0019AE65 /* Build configuration list for PBXProject "RickAndMorty" */;
			compatibilityVersion = "Xcode 14.0";
			developmentRegion = en;
			hasScannedForEncodings = 0;
			knownRegions = (
				en,
				Base,
			);
			mainGroup = F48F64B12CC816BD0019AE65;
			productRefGroup = F48F64BB2CC816BD0019AE65 /* Products */;
			projectDirPath = "";
			projectRoot = "";
			targets = (
				F48F64B92CC816BD0019AE65 /* RickAndMorty */,
				F48F64CF2CC816C10019AE65 /* RickAndMortyTests */,
				F48F64D92CC816C10019AE65 /* RickAndMortyUITests */,
			);
		};
/* End PBXProject section */

/* Begin PBXResourcesBuildPhase section */
		F48F64B82CC816BD0019AE65 /* Resources */ = {
			isa = PBXResourcesBuildPhase;
			buildActionMask = 2147483647;
			files = (
				F48F64C72CC816C00019AE65 /* Assets.xcassets in Resources */,
				F48F64CA2CC816C00019AE65 /* Base in Resources */,
			);
			runOnlyForDeploymentPostprocessing = 0;
		};
		F48F64CE2CC816C10019AE65 /* Resources */ = {
			isa = PBXResourcesBuildPhase;
			buildActionMask = 2147483647;
			files = (
			);
			runOnlyForDeploymentPostprocessing = 0;
		};
		F48F64D82CC816C10019AE65 /* Resources */ = {
			isa = PBXResourcesBuildPhase;
			buildActionMask = 2147483647;
			files = (
			);
			runOnlyForDeploymentPostprocessing = 0;
		};
/* End PBXResourcesBuildPhase section */

/* Begin PBXSourcesBuildPhase section */
		F48F64B62CC816BD0019AE65 /* Sources */ = {
			isa = PBXSourcesBuildPhase;
			buildActionMask = 2147483647;
			files = (
				F48F65092CC911810019AE65 /* RMCharacterVC.swift in Sources */,
				F48F650D2CC955350019AE65 /* RMRequest.swift in Sources */,
				F48F65072CC911750019AE65 /* RMLocationsVC.swift in Sources */,
				F48F650B2CC918DF0019AE65 /* RMService.swift in Sources */,
				F48F64C22CC816BD0019AE65 /* RMTabBarVC.swift in Sources */,
				F48F64BE2CC816BD0019AE65 /* AppDelegate.swift in Sources */,
				F48F65052CC911690019AE65 /* RMEpisodesVC.swift in Sources */,
				F48F650F2CC956BF0019AE65 /* RMEndpoint.swift in Sources */,
				F48F65032CC9114F0019AE65 /* RMSettingsVC.swift in Sources */,
				F48F64C02CC816BD0019AE65 /* SceneDelegate.swift in Sources */,
			);
			runOnlyForDeploymentPostprocessing = 0;
		};
		F48F64CC2CC816C10019AE65 /* Sources */ = {
			isa = PBXSourcesBuildPhase;
			buildActionMask = 2147483647;
			files = (
				F48F64D52CC816C10019AE65 /* RickAndMortyTests.swift in Sources */,
			);
			runOnlyForDeploymentPostprocessing = 0;
		};
		F48F64D62CC816C10019AE65 /* Sources */ = {
			isa = PBXSourcesBuildPhase;
			buildActionMask = 2147483647;
			files = (
				F48F64DF2CC816C10019AE65 /* RickAndMortyUITests.swift in Sources */,
				F48F64E12CC816C10019AE65 /* RickAndMortyUITestsLaunchTests.swift in Sources */,
			);
			runOnlyForDeploymentPostprocessing = 0;
		};
/* End PBXSourcesBuildPhase section */

/* Begin PBXTargetDependency section */
		F48F64D22CC816C10019AE65 /* PBXTargetDependency */ = {
			isa = PBXTargetDependency;
			target = F48F64B92CC816BD0019AE65 /* RickAndMorty */;
			targetProxy = F48F64D12CC816C10019AE65 /* PBXContainerItemProxy */;
		};
		F48F64DC2CC816C10019AE65 /* PBXTargetDependency */ = {
			isa = PBXTargetDependency;
			target = F48F64B92CC816BD0019AE65 /* RickAndMorty */;
			targetProxy = F48F64DB2CC816C10019AE65 /* PBXContainerItemProxy */;
		};
/* End PBXTargetDependency section */

/* Begin PBXVariantGroup section */
		F48F64C82CC816C00019AE65 /* LaunchScreen.storyboard */ = {
			isa = PBXVariantGroup;
			children = (
				F48F64C92CC816C00019AE65 /* Base */,
			);
			name = LaunchScreen.storyboard;
			sourceTree = "<group>";
		};
/* End PBXVariantGroup section */

/* Begin XCBuildConfiguration section */
		F48F64E22CC816C10019AE65 /* Debug */ = {
			isa = XCBuildConfiguration;
			buildSettings = {
				ALWAYS_SEARCH_USER_PATHS = NO;
				ASSETCATALOG_COMPILER_GENERATE_SWIFT_ASSET_SYMBOL_EXTENSIONS = YES;
				CLANG_ANALYZER_NONNULL = YES;
				CLANG_ANALYZER_NUMBER_OBJECT_CONVERSION = YES_AGGRESSIVE;
				CLANG_CXX_LANGUAGE_STANDARD = "gnu++20";
				CLANG_ENABLE_MODULES = YES;
				CLANG_ENABLE_OBJC_ARC = YES;
				CLANG_ENABLE_OBJC_WEAK = YES;
				CLANG_WARN_BLOCK_CAPTURE_AUTORELEASING = YES;
				CLANG_WARN_BOOL_CONVERSION = YES;
				CLANG_WARN_COMMA = YES;
				CLANG_WARN_CONSTANT_CONVERSION = YES;
				CLANG_WARN_DEPRECATED_OBJC_IMPLEMENTATIONS = YES;
				CLANG_WARN_DIRECT_OBJC_ISA_USAGE = YES_ERROR;
				CLANG_WARN_DOCUMENTATION_COMMENTS = YES;
				CLANG_WARN_EMPTY_BODY = YES;
				CLANG_WARN_ENUM_CONVERSION = YES;
				CLANG_WARN_INFINITE_RECURSION = YES;
				CLANG_WARN_INT_CONVERSION = YES;
				CLANG_WARN_NON_LITERAL_NULL_CONVERSION = YES;
				CLANG_WARN_OBJC_IMPLICIT_RETAIN_SELF = YES;
				CLANG_WARN_OBJC_LITERAL_CONVERSION = YES;
				CLANG_WARN_OBJC_ROOT_CLASS = YES_ERROR;
				CLANG_WARN_QUOTED_INCLUDE_IN_FRAMEWORK_HEADER = YES;
				CLANG_WARN_RANGE_LOOP_ANALYSIS = YES;
				CLANG_WARN_STRICT_PROTOTYPES = YES;
				CLANG_WARN_SUSPICIOUS_MOVE = YES;
				CLANG_WARN_UNGUARDED_AVAILABILITY = YES_AGGRESSIVE;
				CLANG_WARN_UNREACHABLE_CODE = YES;
				CLANG_WARN__DUPLICATE_METHOD_MATCH = YES;
				COPY_PHASE_STRIP = NO;
				DEBUG_INFORMATION_FORMAT = dwarf;
				ENABLE_STRICT_OBJC_MSGSEND = YES;
				ENABLE_TESTABILITY = YES;
				ENABLE_USER_SCRIPT_SANDBOXING = YES;
				GCC_C_LANGUAGE_STANDARD = gnu17;
				GCC_DYNAMIC_NO_PIC = NO;
				GCC_NO_COMMON_BLOCKS = YES;
				GCC_OPTIMIZATION_LEVEL = 0;
				GCC_PREPROCESSOR_DEFINITIONS = (
					"DEBUG=1",
					"$(inherited)",
				);
				GCC_WARN_64_TO_32_BIT_CONVERSION = YES;
				GCC_WARN_ABOUT_RETURN_TYPE = YES_ERROR;
				GCC_WARN_UNDECLARED_SELECTOR = YES;
				GCC_WARN_UNINITIALIZED_AUTOS = YES_AGGRESSIVE;
				GCC_WARN_UNUSED_FUNCTION = YES;
				GCC_WARN_UNUSED_VARIABLE = YES;
				IPHONEOS_DEPLOYMENT_TARGET = 17.5;
				LOCALIZATION_PREFERS_STRING_CATALOGS = YES;
				MTL_ENABLE_DEBUG_INFO = INCLUDE_SOURCE;
				MTL_FAST_MATH = YES;
				ONLY_ACTIVE_ARCH = YES;
				SDKROOT = iphoneos;
				SWIFT_ACTIVE_COMPILATION_CONDITIONS = "DEBUG $(inherited)";
				SWIFT_OPTIMIZATION_LEVEL = "-Onone";
			};
			name = Debug;
		};
		F48F64E32CC816C10019AE65 /* Release */ = {
			isa = XCBuildConfiguration;
			buildSettings = {
				ALWAYS_SEARCH_USER_PATHS = NO;
				ASSETCATALOG_COMPILER_GENERATE_SWIFT_ASSET_SYMBOL_EXTENSIONS = YES;
				CLANG_ANALYZER_NONNULL = YES;
				CLANG_ANALYZER_NUMBER_OBJECT_CONVERSION = YES_AGGRESSIVE;
				CLANG_CXX_LANGUAGE_STANDARD = "gnu++20";
				CLANG_ENABLE_MODULES = YES;
				CLANG_ENABLE_OBJC_ARC = YES;
				CLANG_ENABLE_OBJC_WEAK = YES;
				CLANG_WARN_BLOCK_CAPTURE_AUTORELEASING = YES;
				CLANG_WARN_BOOL_CONVERSION = YES;
				CLANG_WARN_COMMA = YES;
				CLANG_WARN_CONSTANT_CONVERSION = YES;
				CLANG_WARN_DEPRECATED_OBJC_IMPLEMENTATIONS = YES;
				CLANG_WARN_DIRECT_OBJC_ISA_USAGE = YES_ERROR;
				CLANG_WARN_DOCUMENTATION_COMMENTS = YES;
				CLANG_WARN_EMPTY_BODY = YES;
				CLANG_WARN_ENUM_CONVERSION = YES;
				CLANG_WARN_INFINITE_RECURSION = YES;
				CLANG_WARN_INT_CONVERSION = YES;
				CLANG_WARN_NON_LITERAL_NULL_CONVERSION = YES;
				CLANG_WARN_OBJC_IMPLICIT_RETAIN_SELF = YES;
				CLANG_WARN_OBJC_LITERAL_CONVERSION = YES;
				CLANG_WARN_OBJC_ROOT_CLASS = YES_ERROR;
				CLANG_WARN_QUOTED_INCLUDE_IN_FRAMEWORK_HEADER = YES;
				CLANG_WARN_RANGE_LOOP_ANALYSIS = YES;
				CLANG_WARN_STRICT_PROTOTYPES = YES;
				CLANG_WARN_SUSPICIOUS_MOVE = YES;
				CLANG_WARN_UNGUARDED_AVAILABILITY = YES_AGGRESSIVE;
				CLANG_WARN_UNREACHABLE_CODE = YES;
				CLANG_WARN__DUPLICATE_METHOD_MATCH = YES;
				COPY_PHASE_STRIP = NO;
				DEBUG_INFORMATION_FORMAT = "dwarf-with-dsym";
				ENABLE_NS_ASSERTIONS = NO;
				ENABLE_STRICT_OBJC_MSGSEND = YES;
				ENABLE_USER_SCRIPT_SANDBOXING = YES;
				GCC_C_LANGUAGE_STANDARD = gnu17;
				GCC_NO_COMMON_BLOCKS = YES;
				GCC_WARN_64_TO_32_BIT_CONVERSION = YES;
				GCC_WARN_ABOUT_RETURN_TYPE = YES_ERROR;
				GCC_WARN_UNDECLARED_SELECTOR = YES;
				GCC_WARN_UNINITIALIZED_AUTOS = YES_AGGRESSIVE;
				GCC_WARN_UNUSED_FUNCTION = YES;
				GCC_WARN_UNUSED_VARIABLE = YES;
				IPHONEOS_DEPLOYMENT_TARGET = 17.5;
				LOCALIZATION_PREFERS_STRING_CATALOGS = YES;
				MTL_ENABLE_DEBUG_INFO = NO;
				MTL_FAST_MATH = YES;
				SDKROOT = iphoneos;
				SWIFT_COMPILATION_MODE = wholemodule;
				VALIDATE_PRODUCT = YES;
			};
			name = Release;
		};
		F48F64E52CC816C10019AE65 /* Debug */ = {
			isa = XCBuildConfiguration;
			buildSettings = {
				ASSETCATALOG_COMPILER_APPICON_NAME = AppIcon;
				ASSETCATALOG_COMPILER_GLOBAL_ACCENT_COLOR_NAME = AccentColor;
				CODE_SIGN_STYLE = Automatic;
				CURRENT_PROJECT_VERSION = 1;
				DEVELOPMENT_TEAM = PZ5X99ZXCX;
				GENERATE_INFOPLIST_FILE = YES;
				INFOPLIST_FILE = RickAndMorty/Resources/Info.plist;
				INFOPLIST_KEY_UIApplicationSupportsIndirectInputEvents = YES;
				INFOPLIST_KEY_UILaunchStoryboardName = LaunchScreen;
				INFOPLIST_KEY_UISupportedInterfaceOrientations_iPad = "UIInterfaceOrientationPortrait UIInterfaceOrientationPortraitUpsideDown UIInterfaceOrientationLandscapeLeft UIInterfaceOrientationLandscapeRight";
				INFOPLIST_KEY_UISupportedInterfaceOrientations_iPhone = "UIInterfaceOrientationPortrait UIInterfaceOrientationLandscapeLeft UIInterfaceOrientationLandscapeRight";
				LD_RUNPATH_SEARCH_PATHS = (
					"$(inherited)",
					"@executable_path/Frameworks",
				);
				MARKETING_VERSION = 1.0;
				PRODUCT_BUNDLE_IDENTIFIER = JoanaFerreira.RickAndMorty;
				PRODUCT_NAME = "$(TARGET_NAME)";
				SWIFT_EMIT_LOC_STRINGS = YES;
				SWIFT_VERSION = 5.0;
				TARGETED_DEVICE_FAMILY = "1,2";
			};
			name = Debug;
		};
		F48F64E62CC816C10019AE65 /* Release */ = {
			isa = XCBuildConfiguration;
			buildSettings = {
				ASSETCATALOG_COMPILER_APPICON_NAME = AppIcon;
				ASSETCATALOG_COMPILER_GLOBAL_ACCENT_COLOR_NAME = AccentColor;
				CODE_SIGN_STYLE = Automatic;
				CURRENT_PROJECT_VERSION = 1;
				DEVELOPMENT_TEAM = PZ5X99ZXCX;
				GENERATE_INFOPLIST_FILE = YES;
				INFOPLIST_FILE = RickAndMorty/Resources/Info.plist;
				INFOPLIST_KEY_UIApplicationSupportsIndirectInputEvents = YES;
				INFOPLIST_KEY_UILaunchStoryboardName = LaunchScreen;
				INFOPLIST_KEY_UISupportedInterfaceOrientations_iPad = "UIInterfaceOrientationPortrait UIInterfaceOrientationPortraitUpsideDown UIInterfaceOrientationLandscapeLeft UIInterfaceOrientationLandscapeRight";
				INFOPLIST_KEY_UISupportedInterfaceOrientations_iPhone = "UIInterfaceOrientationPortrait UIInterfaceOrientationLandscapeLeft UIInterfaceOrientationLandscapeRight";
				LD_RUNPATH_SEARCH_PATHS = (
					"$(inherited)",
					"@executable_path/Frameworks",
				);
				MARKETING_VERSION = 1.0;
				PRODUCT_BUNDLE_IDENTIFIER = JoanaFerreira.RickAndMorty;
				PRODUCT_NAME = "$(TARGET_NAME)";
				SWIFT_EMIT_LOC_STRINGS = YES;
				SWIFT_VERSION = 5.0;
				TARGETED_DEVICE_FAMILY = "1,2";
			};
			name = Release;
		};
		F48F64E82CC816C10019AE65 /* Debug */ = {
			isa = XCBuildConfiguration;
			buildSettings = {
				ALWAYS_EMBED_SWIFT_STANDARD_LIBRARIES = YES;
				BUNDLE_LOADER = "$(TEST_HOST)";
				CODE_SIGN_STYLE = Automatic;
				CURRENT_PROJECT_VERSION = 1;
				DEVELOPMENT_TEAM = PZ5X99ZXCX;
				GENERATE_INFOPLIST_FILE = YES;
				IPHONEOS_DEPLOYMENT_TARGET = 17.5;
				MARKETING_VERSION = 1.0;
				PRODUCT_BUNDLE_IDENTIFIER = JoanaFerreira.RickAndMortyTests;
				PRODUCT_NAME = "$(TARGET_NAME)";
				SWIFT_EMIT_LOC_STRINGS = NO;
				SWIFT_VERSION = 5.0;
				TARGETED_DEVICE_FAMILY = "1,2";
				TEST_HOST = "$(BUILT_PRODUCTS_DIR)/RickAndMorty.app/$(BUNDLE_EXECUTABLE_FOLDER_PATH)/RickAndMorty";
			};
			name = Debug;
		};
		F48F64E92CC816C10019AE65 /* Release */ = {
			isa = XCBuildConfiguration;
			buildSettings = {
				ALWAYS_EMBED_SWIFT_STANDARD_LIBRARIES = YES;
				BUNDLE_LOADER = "$(TEST_HOST)";
				CODE_SIGN_STYLE = Automatic;
				CURRENT_PROJECT_VERSION = 1;
				DEVELOPMENT_TEAM = PZ5X99ZXCX;
				GENERATE_INFOPLIST_FILE = YES;
				IPHONEOS_DEPLOYMENT_TARGET = 17.5;
				MARKETING_VERSION = 1.0;
				PRODUCT_BUNDLE_IDENTIFIER = JoanaFerreira.RickAndMortyTests;
				PRODUCT_NAME = "$(TARGET_NAME)";
				SWIFT_EMIT_LOC_STRINGS = NO;
				SWIFT_VERSION = 5.0;
				TARGETED_DEVICE_FAMILY = "1,2";
				TEST_HOST = "$(BUILT_PRODUCTS_DIR)/RickAndMorty.app/$(BUNDLE_EXECUTABLE_FOLDER_PATH)/RickAndMorty";
			};
			name = Release;
		};
		F48F64EB2CC816C10019AE65 /* Debug */ = {
			isa = XCBuildConfiguration;
			buildSettings = {
				ALWAYS_EMBED_SWIFT_STANDARD_LIBRARIES = YES;
				CODE_SIGN_STYLE = Automatic;
				CURRENT_PROJECT_VERSION = 1;
				DEVELOPMENT_TEAM = PZ5X99ZXCX;
				GENERATE_INFOPLIST_FILE = YES;
				MARKETING_VERSION = 1.0;
				PRODUCT_BUNDLE_IDENTIFIER = JoanaFerreira.RickAndMortyUITests;
				PRODUCT_NAME = "$(TARGET_NAME)";
				SWIFT_EMIT_LOC_STRINGS = NO;
				SWIFT_VERSION = 5.0;
				TARGETED_DEVICE_FAMILY = "1,2";
				TEST_TARGET_NAME = RickAndMorty;
			};
			name = Debug;
		};
		F48F64EC2CC816C10019AE65 /* Release */ = {
			isa = XCBuildConfiguration;
			buildSettings = {
				ALWAYS_EMBED_SWIFT_STANDARD_LIBRARIES = YES;
				CODE_SIGN_STYLE = Automatic;
				CURRENT_PROJECT_VERSION = 1;
				DEVELOPMENT_TEAM = PZ5X99ZXCX;
				GENERATE_INFOPLIST_FILE = YES;
				MARKETING_VERSION = 1.0;
				PRODUCT_BUNDLE_IDENTIFIER = JoanaFerreira.RickAndMortyUITests;
				PRODUCT_NAME = "$(TARGET_NAME)";
				SWIFT_EMIT_LOC_STRINGS = NO;
				SWIFT_VERSION = 5.0;
				TARGETED_DEVICE_FAMILY = "1,2";
				TEST_TARGET_NAME = RickAndMorty;
			};
			name = Release;
		};
/* End XCBuildConfiguration section */

/* Begin XCConfigurationList section */
		F48F64B52CC816BD0019AE65 /* Build configuration list for PBXProject "RickAndMorty" */ = {
			isa = XCConfigurationList;
			buildConfigurations = (
				F48F64E22CC816C10019AE65 /* Debug */,
				F48F64E32CC816C10019AE65 /* Release */,
			);
			defaultConfigurationIsVisible = 0;
			defaultConfigurationName = Release;
		};
		F48F64E42CC816C10019AE65 /* Build configuration list for PBXNativeTarget "RickAndMorty" */ = {
			isa = XCConfigurationList;
			buildConfigurations = (
				F48F64E52CC816C10019AE65 /* Debug */,
				F48F64E62CC816C10019AE65 /* Release */,
			);
			defaultConfigurationIsVisible = 0;
			defaultConfigurationName = Release;
		};
		F48F64E72CC816C10019AE65 /* Build configuration list for PBXNativeTarget "RickAndMortyTests" */ = {
			isa = XCConfigurationList;
			buildConfigurations = (
				F48F64E82CC816C10019AE65 /* Debug */,
				F48F64E92CC816C10019AE65 /* Release */,
			);
			defaultConfigurationIsVisible = 0;
			defaultConfigurationName = Release;
		};
		F48F64EA2CC816C10019AE65 /* Build configuration list for PBXNativeTarget "RickAndMortyUITests" */ = {
			isa = XCConfigurationList;
			buildConfigurations = (
				F48F64EB2CC816C10019AE65 /* Debug */,
				F48F64EC2CC816C10019AE65 /* Release */,
			);
			defaultConfigurationIsVisible = 0;
			defaultConfigurationName = Release;
		};
/* End XCConfigurationList section */
	};
	rootObject = F48F64B22CC816BD0019AE65 /* Project object */;
}
